
Microsoft Visual Studio Solution File, Format Version 12.00
# Visual Studio Version 16
VisualStudioVersion = 16.0.29806.167
MinimumVisualStudioVersion = 10.0.40219.1
Project("{FAE04EC0-301F-11D3-BF4B-00C04F79EFBC}") = "PasswordStrength", "PasswordStrength\PasswordStrength.csproj", "{E61C8D0D-0EA0-46E0-8E07-1B2F0014CF79}"
EndProject
Project("{FAE04EC0-301F-11D3-BF4B-00C04F79EFBC}") = "PasswordStrengthTests", "PasswordStrengthTests\PasswordStrengthTests.csproj", "{0BE9BE9B-E22E-4C09-9466-17911448911D}"
EndProject
Global
	GlobalSection(SolutionConfigurationPlatforms) = preSolution
		Debug|Any CPU = Debug|Any CPU
		Release|Any CPU = Release|Any CPU
	EndGlobalSection
	GlobalSection(ProjectConfigurationPlatforms) = postSolution
		{E61C8D0D-0EA0-46E0-8E07-1B2F0014CF79}.Debug|Any CPU.ActiveCfg = Debug|Any CPU
		{E61C8D0D-0EA0-46E0-8E07-1B2F0014CF79}.Debug|Any CPU.Build.0 = Debug|Any CPU
		{E61C8D0D-0EA0-46E0-8E07-1B2F0014CF79}.Release|Any CPU.ActiveCfg = Release|Any CPU
		{E61C8D0D-0EA0-46E0-8E07-1B2F0014CF79}.Release|Any CPU.Build.0 = Release|Any CPU
		{0BE9BE9B-E22E-4C09-9466-17911448911D}.Debug|Any CPU.ActiveCfg = Debug|Any CPU
		{0BE9BE9B-E22E-4C09-9466-17911448911D}.Debug|Any CPU.Build.0 = Debug|Any CPU
		{0BE9BE9B-E22E-4C09-9466-17911448911D}.Release|Any CPU.ActiveCfg = Release|Any CPU
		{0BE9BE9B-E22E-4C09-9466-17911448911D}.Release|Any CPU.Build.0 = Release|Any CPU
	EndGlobalSection
	GlobalSection(SolutionProperties) = preSolution
		HideSolutionNode = FALSE
	EndGlobalSection
	GlobalSection(ExtensibilityGlobals) = postSolution
		SolutionGuid = {C69825A4-6636-46CC-9FDE-BBB242C09736}
	EndGlobalSection
EndGlobal
