
Microsoft Visual Studio Solution File, Format Version 12.00
# Visual Studio Version 16
VisualStudioVersion = 16.0.29806.167
MinimumVisualStudioVersion = 10.0.40219.1
Project("{FAE04EC0-301F-11D3-BF4B-00C04F79EFBC}") = "CheckIdentifier", "CheckIdentifier\CheckIdentifier.csproj", "{FC179B10-FF3C-4FB6-B928-55DF1A7FF427}"
EndProject
Project("{2150E333-8FDC-42A3-9474-1A3956D46DE8}") = "Solution Items", "Solution Items", "{06036400-B589-43F8-AC88-CBAC82B7E6F0}"
	ProjectSection(SolutionItems) = preProject
		D:\univer\Backend\Backend_labs\editorconfig = D:\univer\Backend\Backend_labs\editorconfig
	EndProjectSection
EndProject
Project("{FAE04EC0-301F-11D3-BF4B-00C04F79EFBC}") = "CheckIdentifierTests", "CheckIdentifierTests\CheckIdentifierTests.csproj", "{69A6370D-5E5C-4DC6-92EF-A93E131BFF2B}"
EndProject
Global
	GlobalSection(SolutionConfigurationPlatforms) = preSolution
		Debug|Any CPU = Debug|Any CPU
		Release|Any CPU = Release|Any CPU
	EndGlobalSection
	GlobalSection(ProjectConfigurationPlatforms) = postSolution
		{FC179B10-FF3C-4FB6-B928-55DF1A7FF427}.Debug|Any CPU.ActiveCfg = Debug|Any CPU
		{FC179B10-FF3C-4FB6-B928-55DF1A7FF427}.Debug|Any CPU.Build.0 = Debug|Any CPU
		{FC179B10-FF3C-4FB6-B928-55DF1A7FF427}.Release|Any CPU.ActiveCfg = Release|Any CPU
		{FC179B10-FF3C-4FB6-B928-55DF1A7FF427}.Release|Any CPU.Build.0 = Release|Any CPU
		{69A6370D-5E5C-4DC6-92EF-A93E131BFF2B}.Debug|Any CPU.ActiveCfg = Debug|Any CPU
		{69A6370D-5E5C-4DC6-92EF-A93E131BFF2B}.Debug|Any CPU.Build.0 = Debug|Any CPU
		{69A6370D-5E5C-4DC6-92EF-A93E131BFF2B}.Release|Any CPU.ActiveCfg = Release|Any CPU
		{69A6370D-5E5C-4DC6-92EF-A93E131BFF2B}.Release|Any CPU.Build.0 = Release|Any CPU
	EndGlobalSection
	GlobalSection(SolutionProperties) = preSolution
		HideSolutionNode = FALSE
	EndGlobalSection
	GlobalSection(ExtensibilityGlobals) = postSolution
		SolutionGuid = {E22AF151-F9BD-4CFB-9044-5BA67B755F13}
	EndGlobalSection
EndGlobal
