
Microsoft Visual Studio Solution File, Format Version 12.00
# Visual Studio Version 16
VisualStudioVersion = 16.0.29806.167
MinimumVisualStudioVersion = 10.0.40219.1
Project("{FAE04EC0-301F-11D3-BF4B-00C04F79EFBC}") = "RemoveExtraBlanks", "RemoveExtraBlanks\RemoveExtraBlanks.csproj", "{9B83777E-DE20-4C38-A321-81BEFA5A52E0}"
EndProject
Project("{FAE04EC0-301F-11D3-BF4B-00C04F79EFBC}") = "RemoveExtraBlanksTests", "RemoveExtraBlanksTests\RemoveExtraBlanksTests.csproj", "{CB1D2C34-243B-4E5F-A537-9D458C6CB525}"
EndProject
Global
	GlobalSection(SolutionConfigurationPlatforms) = preSolution
		Debug|Any CPU = Debug|Any CPU
		Release|Any CPU = Release|Any CPU
	EndGlobalSection
	GlobalSection(ProjectConfigurationPlatforms) = postSolution
		{9B83777E-DE20-4C38-A321-81BEFA5A52E0}.Debug|Any CPU.ActiveCfg = Debug|Any CPU
		{9B83777E-DE20-4C38-A321-81BEFA5A52E0}.Debug|Any CPU.Build.0 = Debug|Any CPU
		{9B83777E-DE20-4C38-A321-81BEFA5A52E0}.Release|Any CPU.ActiveCfg = Release|Any CPU
		{9B83777E-DE20-4C38-A321-81BEFA5A52E0}.Release|Any CPU.Build.0 = Release|Any CPU
		{CB1D2C34-243B-4E5F-A537-9D458C6CB525}.Debug|Any CPU.ActiveCfg = Debug|Any CPU
		{CB1D2C34-243B-4E5F-A537-9D458C6CB525}.Debug|Any CPU.Build.0 = Debug|Any CPU
		{CB1D2C34-243B-4E5F-A537-9D458C6CB525}.Release|Any CPU.ActiveCfg = Release|Any CPU
		{CB1D2C34-243B-4E5F-A537-9D458C6CB525}.Release|Any CPU.Build.0 = Release|Any CPU
	EndGlobalSection
	GlobalSection(SolutionProperties) = preSolution
		HideSolutionNode = FALSE
	EndGlobalSection
	GlobalSection(ExtensibilityGlobals) = postSolution
		SolutionGuid = {CA949A68-4960-4032-BA55-9B4A7A4C18C0}
	EndGlobalSection
EndGlobal
